// !$*UTF8*$!
{
	archiveVersion = 1;
	classes = {
	};
	objectVersion = 55;
	objects = {

/* Begin PBXBuildFile section */
		B532A66A285B528900159BAC /* GostXApp.swift in Sources */ = {isa = PBXBuildFile; fileRef = B532A669285B528900159BAC /* GostXApp.swift */; };
		B532A66E285B528D00159BAC /* Assets.xcassets in Resources */ = {isa = PBXBuildFile; fileRef = B532A66D285B528D00159BAC /* Assets.xcassets */; };
		B532A671285B528D00159BAC /* Preview Assets.xcassets in Resources */ = {isa = PBXBuildFile; fileRef = B532A670285B528D00159BAC /* Preview Assets.xcassets */; };
		B532A67C285B528D00159BAC /* GostXTests.swift in Sources */ = {isa = PBXBuildFile; fileRef = B532A67B285B528D00159BAC /* GostXTests.swift */; };
		B532A686285B528D00159BAC /* GostXUITests.swift in Sources */ = {isa = PBXBuildFile; fileRef = B532A685285B528D00159BAC /* GostXUITests.swift */; };
		B532A688285B528D00159BAC /* GostXUITestsLaunchTests.swift in Sources */ = {isa = PBXBuildFile; fileRef = B532A687285B528D00159BAC /* GostXUITestsLaunchTests.swift */; };
		B5AEDDB12864920800C09ED6 /* AppDelegate.swift in Sources */ = {isa = PBXBuildFile; fileRef = B5AEDDB02864920800C09ED6 /* AppDelegate.swift */; };
		B5AF722D28634A6500BB5F98 /* UserNotifications.framework in Frameworks */ = {isa = PBXBuildFile; fileRef = B5AF722C28634A6500BB5F98 /* UserNotifications.framework */; };
		B5B0E074285B62B80035A6F2 /* MacExtrasConfigurator.swift in Sources */ = {isa = PBXBuildFile; fileRef = B5B0E073285B62B80035A6F2 /* MacExtrasConfigurator.swift */; };
		B5B0E07A285C63080035A6F2 /* SettingsView.swift in Sources */ = {isa = PBXBuildFile; fileRef = B5B0E079285C63080035A6F2 /* SettingsView.swift */; };
/* End PBXBuildFile section */

/* Begin PBXContainerItemProxy section */
		B532A678285B528D00159BAC /* PBXContainerItemProxy */ = {
			isa = PBXContainerItemProxy;
			containerPortal = B532A65E285B528900159BAC /* Project object */;
			proxyType = 1;
			remoteGlobalIDString = B532A665285B528900159BAC;
			remoteInfo = GostX;
		};
		B532A682285B528D00159BAC /* PBXContainerItemProxy */ = {
			isa = PBXContainerItemProxy;
			containerPortal = B532A65E285B528900159BAC /* Project object */;
			proxyType = 1;
			remoteGlobalIDString = B532A665285B528900159BAC;
			remoteInfo = GostX;
		};
/* End PBXContainerItemProxy section */

/* Begin PBXFileReference section */
		B532A666285B528900159BAC /* GostX.app */ = {isa = PBXFileReference; explicitFileType = wrapper.application; includeInIndex = 0; path = GostX.app; sourceTree = BUILT_PRODUCTS_DIR; };
		B532A669285B528900159BAC /* GostXApp.swift */ = {isa = PBXFileReference; lastKnownFileType = sourcecode.swift; path = GostXApp.swift; sourceTree = "<group>"; };
		B532A66D285B528D00159BAC /* Assets.xcassets */ = {isa = PBXFileReference; lastKnownFileType = folder.assetcatalog; path = Assets.xcassets; sourceTree = "<group>"; };
		B532A670285B528D00159BAC /* Preview Assets.xcassets */ = {isa = PBXFileReference; lastKnownFileType = folder.assetcatalog; path = "Preview Assets.xcassets"; sourceTree = "<group>"; };
		B532A672285B528D00159BAC /* GostX.entitlements */ = {isa = PBXFileReference; lastKnownFileType = text.plist.entitlements; path = GostX.entitlements; sourceTree = "<group>"; };
		B532A677285B528D00159BAC /* GostXTests.xctest */ = {isa = PBXFileReference; explicitFileType = wrapper.cfbundle; includeInIndex = 0; path = GostXTests.xctest; sourceTree = BUILT_PRODUCTS_DIR; };
		B532A67B285B528D00159BAC /* GostXTests.swift */ = {isa = PBXFileReference; lastKnownFileType = sourcecode.swift; path = GostXTests.swift; sourceTree = "<group>"; };
		B532A681285B528D00159BAC /* GostXUITests.xctest */ = {isa = PBXFileReference; explicitFileType = wrapper.cfbundle; includeInIndex = 0; path = GostXUITests.xctest; sourceTree = BUILT_PRODUCTS_DIR; };
		B532A685285B528D00159BAC /* GostXUITests.swift */ = {isa = PBXFileReference; lastKnownFileType = sourcecode.swift; path = GostXUITests.swift; sourceTree = "<group>"; };
		B532A687285B528D00159BAC /* GostXUITestsLaunchTests.swift */ = {isa = PBXFileReference; lastKnownFileType = sourcecode.swift; path = GostXUITestsLaunchTests.swift; sourceTree = "<group>"; };
		B5AEDDB02864920800C09ED6 /* AppDelegate.swift */ = {isa = PBXFileReference; lastKnownFileType = sourcecode.swift; path = AppDelegate.swift; sourceTree = "<group>"; };
		B5AF722C28634A6500BB5F98 /* UserNotifications.framework */ = {isa = PBXFileReference; lastKnownFileType = wrapper.framework; name = UserNotifications.framework; path = System/Library/Frameworks/UserNotifications.framework; sourceTree = SDKROOT; };
		B5B0E073285B62B80035A6F2 /* MacExtrasConfigurator.swift */ = {isa = PBXFileReference; lastKnownFileType = sourcecode.swift; path = MacExtrasConfigurator.swift; sourceTree = "<group>"; };
		B5B0E079285C63080035A6F2 /* SettingsView.swift */ = {isa = PBXFileReference; lastKnownFileType = sourcecode.swift; path = SettingsView.swift; sourceTree = "<group>"; };
/* End PBXFileReference section */

/* Begin PBXFrameworksBuildPhase section */
		B532A663285B528900159BAC /* Frameworks */ = {
			isa = PBXFrameworksBuildPhase;
			buildActionMask = 2147483647;
			files = (
				B5AF722D28634A6500BB5F98 /* UserNotifications.framework in Frameworks */,
			);
			runOnlyForDeploymentPostprocessing = 0;
		};
		B532A674285B528D00159BAC /* Frameworks */ = {
			isa = PBXFrameworksBuildPhase;
			buildActionMask = 2147483647;
			files = (
			);
			runOnlyForDeploymentPostprocessing = 0;
		};
		B532A67E285B528D00159BAC /* Frameworks */ = {
			isa = PBXFrameworksBuildPhase;
			buildActionMask = 2147483647;
			files = (
			);
			runOnlyForDeploymentPostprocessing = 0;
		};
/* End PBXFrameworksBuildPhase section */

/* Begin PBXGroup section */
		B532A65D285B528900159BAC = {
			isa = PBXGroup;
			children = (
				B532A668285B528900159BAC /* GostX */,
				B532A67A285B528D00159BAC /* GostXTests */,
				B532A684285B528D00159BAC /* GostXUITests */,
				B532A667285B528900159BAC /* Products */,
				B5AF722B28634A6500BB5F98 /* Frameworks */,
			);
			sourceTree = "<group>";
		};
		B532A667285B528900159BAC /* Products */ = {
			isa = PBXGroup;
			children = (
				B532A666285B528900159BAC /* GostX.app */,
				B532A677285B528D00159BAC /* GostXTests.xctest */,
				B532A681285B528D00159BAC /* GostXUITests.xctest */,
			);
			name = Products;
			sourceTree = "<group>";
		};
		B532A668285B528900159BAC /* GostX */ = {
			isa = PBXGroup;
			children = (
				B532A669285B528900159BAC /* GostXApp.swift */,
				B532A66D285B528D00159BAC /* Assets.xcassets */,
				B532A672285B528D00159BAC /* GostX.entitlements */,
				B532A66F285B528D00159BAC /* Preview Content */,
				B5B0E073285B62B80035A6F2 /* MacExtrasConfigurator.swift */,
				B5B0E079285C63080035A6F2 /* SettingsView.swift */,
				B5AEDDB02864920800C09ED6 /* AppDelegate.swift */,
			);
			path = GostX;
			sourceTree = "<group>";
		};
		B532A66F285B528D00159BAC /* Preview Content */ = {
			isa = PBXGroup;
			children = (
				B532A670285B528D00159BAC /* Preview Assets.xcassets */,
			);
			path = "Preview Content";
			sourceTree = "<group>";
		};
		B532A67A285B528D00159BAC /* GostXTests */ = {
			isa = PBXGroup;
			children = (
				B532A67B285B528D00159BAC /* GostXTests.swift */,
			);
			path = GostXTests;
			sourceTree = "<group>";
		};
		B532A684285B528D00159BAC /* GostXUITests */ = {
			isa = PBXGroup;
			children = (
				B532A685285B528D00159BAC /* GostXUITests.swift */,
				B532A687285B528D00159BAC /* GostXUITestsLaunchTests.swift */,
			);
			path = GostXUITests;
			sourceTree = "<group>";
		};
		B5AF722B28634A6500BB5F98 /* Frameworks */ = {
			isa = PBXGroup;
			children = (
				B5AF722C28634A6500BB5F98 /* UserNotifications.framework */,
			);
			name = Frameworks;
			sourceTree = "<group>";
		};
/* End PBXGroup section */

/* Begin PBXNativeTarget section */
		B532A665285B528900159BAC /* GostX */ = {
			isa = PBXNativeTarget;
			buildConfigurationList = B532A68B285B528D00159BAC /* Build configuration list for PBXNativeTarget "GostX" */;
			buildPhases = (
				B532A662285B528900159BAC /* Sources */,
				B532A663285B528900159BAC /* Frameworks */,
				B532A664285B528900159BAC /* Resources */,
				B5B0E078285C328C0035A6F2 /* ShellScript */,
			);
			buildRules = (
			);
			dependencies = (
			);
			name = GostX;
			productName = GostX;
			productReference = B532A666285B528900159BAC /* GostX.app */;
			productType = "com.apple.product-type.application";
		};
		B532A676285B528D00159BAC /* GostXTests */ = {
			isa = PBXNativeTarget;
			buildConfigurationList = B532A68E285B528D00159BAC /* Build configuration list for PBXNativeTarget "GostXTests" */;
			buildPhases = (
				B532A673285B528D00159BAC /* Sources */,
				B532A674285B528D00159BAC /* Frameworks */,
				B532A675285B528D00159BAC /* Resources */,
			);
			buildRules = (
			);
			dependencies = (
				B532A679285B528D00159BAC /* PBXTargetDependency */,
			);
			name = GostXTests;
			productName = GostXTests;
			productReference = B532A677285B528D00159BAC /* GostXTests.xctest */;
			productType = "com.apple.product-type.bundle.unit-test";
		};
		B532A680285B528D00159BAC /* GostXUITests */ = {
			isa = PBXNativeTarget;
			buildConfigurationList = B532A691285B528D00159BAC /* Build configuration list for PBXNativeTarget "GostXUITests" */;
			buildPhases = (
				B532A67D285B528D00159BAC /* Sources */,
				B532A67E285B528D00159BAC /* Frameworks */,
				B532A67F285B528D00159BAC /* Resources */,
			);
			buildRules = (
			);
			dependencies = (
				B532A683285B528D00159BAC /* PBXTargetDependency */,
			);
			name = GostXUITests;
			productName = GostXUITests;
			productReference = B532A681285B528D00159BAC /* GostXUITests.xctest */;
			productType = "com.apple.product-type.bundle.ui-testing";
		};
/* End PBXNativeTarget section */

/* Begin PBXProject section */
		B532A65E285B528900159BAC /* Project object */ = {
			isa = PBXProject;
			attributes = {
				BuildIndependentTargetsInParallel = 1;
				LastSwiftUpdateCheck = 1340;
				LastUpgradeCheck = 1340;
				TargetAttributes = {
					B532A665285B528900159BAC = {
						CreatedOnToolsVersion = 13.4.1;
					};
					B532A676285B528D00159BAC = {
						CreatedOnToolsVersion = 13.4.1;
						TestTargetID = B532A665285B528900159BAC;
					};
					B532A680285B528D00159BAC = {
						CreatedOnToolsVersion = 13.4.1;
						TestTargetID = B532A665285B528900159BAC;
					};
				};
			};
			buildConfigurationList = B532A661285B528900159BAC /* Build configuration list for PBXProject "GostX" */;
			compatibilityVersion = "Xcode 13.0";
			developmentRegion = en;
			hasScannedForEncodings = 0;
			knownRegions = (
				en,
				Base,
			);
			mainGroup = B532A65D285B528900159BAC;
			productRefGroup = B532A667285B528900159BAC /* Products */;
			projectDirPath = "";
			projectRoot = "";
			targets = (
				B532A665285B528900159BAC /* GostX */,
				B532A676285B528D00159BAC /* GostXTests */,
				B532A680285B528D00159BAC /* GostXUITests */,
			);
		};
/* End PBXProject section */

/* Begin PBXResourcesBuildPhase section */
		B532A664285B528900159BAC /* Resources */ = {
			isa = PBXResourcesBuildPhase;
			buildActionMask = 2147483647;
			files = (
				B532A671285B528D00159BAC /* Preview Assets.xcassets in Resources */,
				B532A66E285B528D00159BAC /* Assets.xcassets in Resources */,
			);
			runOnlyForDeploymentPostprocessing = 0;
		};
		B532A675285B528D00159BAC /* Resources */ = {
			isa = PBXResourcesBuildPhase;
			buildActionMask = 2147483647;
			files = (
			);
			runOnlyForDeploymentPostprocessing = 0;
		};
		B532A67F285B528D00159BAC /* Resources */ = {
			isa = PBXResourcesBuildPhase;
			buildActionMask = 2147483647;
			files = (
			);
			runOnlyForDeploymentPostprocessing = 0;
		};
/* End PBXResourcesBuildPhase section */

/* Begin PBXShellScriptBuildPhase section */
		B5B0E078285C328C0035A6F2 /* ShellScript */ = {
			isa = PBXShellScriptBuildPhase;
			buildActionMask = 2147483647;
			files = (
			);
			inputFileListPaths = (
			);
			inputPaths = (
			);
			outputFileListPaths = (
			);
			outputPaths = (
			);
			runOnlyForDeploymentPostprocessing = 0;
			shellPath = /bin/sh;
			shellScript = "# Type a script or drag a script file from your workspace to insert its path.\n# ${SOURCE_ROOT}/GostX/gost-resource.sh\n";
		};
/* End PBXShellScriptBuildPhase section */

/* Begin PBXSourcesBuildPhase section */
		B532A662285B528900159BAC /* Sources */ = {
			isa = PBXSourcesBuildPhase;
			buildActionMask = 2147483647;
			files = (
				B5AEDDB12864920800C09ED6 /* AppDelegate.swift in Sources */,
				B5B0E07A285C63080035A6F2 /* SettingsView.swift in Sources */,
				B5B0E074285B62B80035A6F2 /* MacExtrasConfigurator.swift in Sources */,
				B532A66A285B528900159BAC /* GostXApp.swift in Sources */,
			);
			runOnlyForDeploymentPostprocessing = 0;
		};
		B532A673285B528D00159BAC /* Sources */ = {
			isa = PBXSourcesBuildPhase;
			buildActionMask = 2147483647;
			files = (
				B532A67C285B528D00159BAC /* GostXTests.swift in Sources */,
			);
			runOnlyForDeploymentPostprocessing = 0;
		};
		B532A67D285B528D00159BAC /* Sources */ = {
			isa = PBXSourcesBuildPhase;
			buildActionMask = 2147483647;
			files = (
				B532A688285B528D00159BAC /* GostXUITestsLaunchTests.swift in Sources */,
				B532A686285B528D00159BAC /* GostXUITests.swift in Sources */,
			);
			runOnlyForDeploymentPostprocessing = 0;
		};
/* End PBXSourcesBuildPhase section */

/* Begin PBXTargetDependency section */
		B532A679285B528D00159BAC /* PBXTargetDependency */ = {
			isa = PBXTargetDependency;
			target = B532A665285B528900159BAC /* GostX */;
			targetProxy = B532A678285B528D00159BAC /* PBXContainerItemProxy */;
		};
		B532A683285B528D00159BAC /* PBXTargetDependency */ = {
			isa = PBXTargetDependency;
			target = B532A665285B528900159BAC /* GostX */;
			targetProxy = B532A682285B528D00159BAC /* PBXContainerItemProxy */;
		};
/* End PBXTargetDependency section */

/* Begin XCBuildConfiguration section */
		B532A689285B528D00159BAC /* Debug */ = {
			isa = XCBuildConfiguration;
			buildSettings = {
				ALWAYS_SEARCH_USER_PATHS = NO;
				CLANG_ANALYZER_NONNULL = YES;
				CLANG_ANALYZER_NUMBER_OBJECT_CONVERSION = YES_AGGRESSIVE;
				CLANG_CXX_LANGUAGE_STANDARD = "gnu++17";
				CLANG_ENABLE_MODULES = YES;
				CLANG_ENABLE_OBJC_ARC = YES;
				CLANG_ENABLE_OBJC_WEAK = YES;
				CLANG_WARN_BLOCK_CAPTURE_AUTORELEASING = YES;
				CLANG_WARN_BOOL_CONVERSION = YES;
				CLANG_WARN_COMMA = YES;
				CLANG_WARN_CONSTANT_CONVERSION = YES;
				CLANG_WARN_DEPRECATED_OBJC_IMPLEMENTATIONS = YES;
				CLANG_WARN_DIRECT_OBJC_ISA_USAGE = YES_ERROR;
				CLANG_WARN_DOCUMENTATION_COMMENTS = YES;
				CLANG_WARN_EMPTY_BODY = YES;
				CLANG_WARN_ENUM_CONVERSION = YES;
				CLANG_WARN_INFINITE_RECURSION = YES;
				CLANG_WARN_INT_CONVERSION = YES;
				CLANG_WARN_NON_LITERAL_NULL_CONVERSION = YES;
				CLANG_WARN_OBJC_IMPLICIT_RETAIN_SELF = YES;
				CLANG_WARN_OBJC_LITERAL_CONVERSION = YES;
				CLANG_WARN_OBJC_ROOT_CLASS = YES_ERROR;
				CLANG_WARN_QUOTED_INCLUDE_IN_FRAMEWORK_HEADER = YES;
				CLANG_WARN_RANGE_LOOP_ANALYSIS = YES;
				CLANG_WARN_STRICT_PROTOTYPES = YES;
				CLANG_WARN_SUSPICIOUS_MOVE = YES;
				CLANG_WARN_UNGUARDED_AVAILABILITY = YES_AGGRESSIVE;
				CLANG_WARN_UNREACHABLE_CODE = YES;
				CLANG_WARN__DUPLICATE_METHOD_MATCH = YES;
				COPY_PHASE_STRIP = NO;
				DEBUG_INFORMATION_FORMAT = dwarf;
				ENABLE_STRICT_OBJC_MSGSEND = YES;
				ENABLE_TESTABILITY = YES;
				GCC_C_LANGUAGE_STANDARD = gnu11;
				GCC_DYNAMIC_NO_PIC = NO;
				GCC_NO_COMMON_BLOCKS = YES;
				GCC_OPTIMIZATION_LEVEL = 0;
				GCC_PREPROCESSOR_DEFINITIONS = (
					"DEBUG=1",
					"$(inherited)",
				);
				GCC_WARN_64_TO_32_BIT_CONVERSION = YES;
				GCC_WARN_ABOUT_RETURN_TYPE = YES_ERROR;
				GCC_WARN_UNDECLARED_SELECTOR = YES;
				GCC_WARN_UNINITIALIZED_AUTOS = YES_AGGRESSIVE;
				GCC_WARN_UNUSED_FUNCTION = YES;
				GCC_WARN_UNUSED_VARIABLE = YES;
				MACOSX_DEPLOYMENT_TARGET = 11.0;
				MTL_ENABLE_DEBUG_INFO = INCLUDE_SOURCE;
				MTL_FAST_MATH = YES;
				ONLY_ACTIVE_ARCH = YES;
				SDKROOT = macosx;
				SWIFT_ACTIVE_COMPILATION_CONDITIONS = DEBUG;
				SWIFT_OPTIMIZATION_LEVEL = "-Onone";
			};
			name = Debug;
		};
		B532A68A285B528D00159BAC /* Release */ = {
			isa = XCBuildConfiguration;
			buildSettings = {
				ALWAYS_SEARCH_USER_PATHS = NO;
				CLANG_ANALYZER_NONNULL = YES;
				CLANG_ANALYZER_NUMBER_OBJECT_CONVERSION = YES_AGGRESSIVE;
				CLANG_CXX_LANGUAGE_STANDARD = "gnu++17";
				CLANG_ENABLE_MODULES = YES;
				CLANG_ENABLE_OBJC_ARC = YES;
				CLANG_ENABLE_OBJC_WEAK = YES;
				CLANG_WARN_BLOCK_CAPTURE_AUTORELEASING = YES;
				CLANG_WARN_BOOL_CONVERSION = YES;
				CLANG_WARN_COMMA = YES;
				CLANG_WARN_CONSTANT_CONVERSION = YES;
				CLANG_WARN_DEPRECATED_OBJC_IMPLEMENTATIONS = YES;
				CLANG_WARN_DIRECT_OBJC_ISA_USAGE = YES_ERROR;
				CLANG_WARN_DOCUMENTATION_COMMENTS = YES;
				CLANG_WARN_EMPTY_BODY = YES;
				CLANG_WARN_ENUM_CONVERSION = YES;
				CLANG_WARN_INFINITE_RECURSION = YES;
				CLANG_WARN_INT_CONVERSION = YES;
				CLANG_WARN_NON_LITERAL_NULL_CONVERSION = YES;
				CLANG_WARN_OBJC_IMPLICIT_RETAIN_SELF = YES;
				CLANG_WARN_OBJC_LITERAL_CONVERSION = YES;
				CLANG_WARN_OBJC_ROOT_CLASS = YES_ERROR;
				CLANG_WARN_QUOTED_INCLUDE_IN_FRAMEWORK_HEADER = YES;
				CLANG_WARN_RANGE_LOOP_ANALYSIS = YES;
				CLANG_WARN_STRICT_PROTOTYPES = YES;
				CLANG_WARN_SUSPICIOUS_MOVE = YES;
				CLANG_WARN_UNGUARDED_AVAILABILITY = YES_AGGRESSIVE;
				CLANG_WARN_UNREACHABLE_CODE = YES;
				CLANG_WARN__DUPLICATE_METHOD_MATCH = YES;
				COPY_PHASE_STRIP = NO;
				DEBUG_INFORMATION_FORMAT = "dwarf-with-dsym";
				ENABLE_NS_ASSERTIONS = NO;
				ENABLE_STRICT_OBJC_MSGSEND = YES;
				GCC_C_LANGUAGE_STANDARD = gnu11;
				GCC_NO_COMMON_BLOCKS = YES;
				GCC_WARN_64_TO_32_BIT_CONVERSION = YES;
				GCC_WARN_ABOUT_RETURN_TYPE = YES_ERROR;
				GCC_WARN_UNDECLARED_SELECTOR = YES;
				GCC_WARN_UNINITIALIZED_AUTOS = YES_AGGRESSIVE;
				GCC_WARN_UNUSED_FUNCTION = YES;
				GCC_WARN_UNUSED_VARIABLE = YES;
				MACOSX_DEPLOYMENT_TARGET = 11.0;
				MTL_ENABLE_DEBUG_INFO = NO;
				MTL_FAST_MATH = YES;
				SDKROOT = macosx;
				SWIFT_COMPILATION_MODE = wholemodule;
				SWIFT_OPTIMIZATION_LEVEL = "-O";
			};
			name = Release;
		};
		B532A68C285B528D00159BAC /* Debug */ = {
			isa = XCBuildConfiguration;
			buildSettings = {
				ASSETCATALOG_COMPILER_APPICON_NAME = AppIcon;
				ASSETCATALOG_COMPILER_GLOBAL_ACCENT_COLOR_NAME = AccentColor;
				CODE_SIGN_ENTITLEMENTS = GostX/GostX.entitlements;
				"CODE_SIGN_IDENTITY[sdk=macosx*]" = "-";
				CODE_SIGN_STYLE = Automatic;
				COMBINE_HIDPI_IMAGES = YES;
				CURRENT_PROJECT_VERSION = 1;
				DEVELOPMENT_ASSET_PATHS = "\"GostX/Preview Content\"";
				DEVELOPMENT_TEAM = "";
				ENABLE_HARDENED_RUNTIME = YES;
				ENABLE_PREVIEWS = YES;
				GENERATE_INFOPLIST_FILE = YES;
				INFOPLIST_FILE = GostX/Info.plist;
				INFOPLIST_KEY_LSApplicationCategoryType = "public.app-category.productivity";
				INFOPLIST_KEY_LSBackgroundOnly = NO;
				INFOPLIST_KEY_LSUIElement = YES;
				INFOPLIST_KEY_NSHumanReadableCopyright = "";
				LD_QUOTE_LINKER_ARGUMENTS_FOR_COMPILER_DRIVER = YES;
				LD_RUNPATH_SEARCH_PATHS = (
					"$(inherited)",
					"@executable_path/../Frameworks",
				);
				LIBRARY_SEARCH_PATHS = "$(SRCROOT)/go/";
				MACOSX_DEPLOYMENT_TARGET = 11.0;
				MARKETING_VERSION = 1.0.0;
				OTHER_LDFLAGS = (
					"-L./go/tor-static/tor",
					"-ltor",
					"-L./go/tor-static/zlib/dist/lib",
					"-lz",
					"-L./go/tor-static/libevent/dist/lib",
					"-levent",
					"-L./go/tor-static/openssl/dist/lib",
					"-lssl",
					"-lcrypto",
					"-L./go/tor-static/xz/dist/lib",
					"-llzma",
				);
				PRODUCT_BUNDLE_IDENTIFIER = com.buhaoyong.GostX;
				PRODUCT_NAME = "$(TARGET_NAME)";
				SWIFT_EMIT_LOC_STRINGS = YES;
				SWIFT_INCLUDE_PATHS = "$(SRCROOT)/go/";
				SWIFT_VERSION = 5.0;
			};
			name = Debug;
		};
		B532A68D285B528D00159BAC /* Release */ = {
			isa = XCBuildConfiguration;
			buildSettings = {
				ASSETCATALOG_COMPILER_APPICON_NAME = AppIcon;
				ASSETCATALOG_COMPILER_GLOBAL_ACCENT_COLOR_NAME = AccentColor;
				CODE_SIGN_ENTITLEMENTS = GostX/GostX.entitlements;
				"CODE_SIGN_IDENTITY[sdk=macosx*]" = "-";
				CODE_SIGN_STYLE = Automatic;
				COMBINE_HIDPI_IMAGES = YES;
				CURRENT_PROJECT_VERSION = 1;
				DEVELOPMENT_ASSET_PATHS = "\"GostX/Preview Content\"";
				DEVELOPMENT_TEAM = "";
				ENABLE_HARDENED_RUNTIME = YES;
				ENABLE_PREVIEWS = YES;
				GENERATE_INFOPLIST_FILE = YES;
				INFOPLIST_FILE = GostX/Info.plist;
				INFOPLIST_KEY_LSApplicationCategoryType = "public.app-category.productivity";
				INFOPLIST_KEY_LSBackgroundOnly = NO;
				INFOPLIST_KEY_LSUIElement = YES;
				INFOPLIST_KEY_NSHumanReadableCopyright = "";
				LD_QUOTE_LINKER_ARGUMENTS_FOR_COMPILER_DRIVER = YES;
				LD_RUNPATH_SEARCH_PATHS = (
					"$(inherited)",
					"@executable_path/../Frameworks",
				);
				LIBRARY_SEARCH_PATHS = "$(SRCROOT)/go/";
				MACOSX_DEPLOYMENT_TARGET = 11.0;
				MARKETING_VERSION = 1.0.0;
				OTHER_LDFLAGS = (
					"-L./go/tor-static/tor",
					"-ltor",
					"-L./go/tor-static/zlib/dist/lib",
					"-lz",
					"-L./go/tor-static/libevent/dist/lib",
					"-levent",
					"-L./go/tor-static/openssl/dist/lib",
					"-lssl",
					"-lcrypto",
					"-L./go/tor-static/xz/dist/lib",
					"-llzma",
				);
				PRODUCT_BUNDLE_IDENTIFIER = com.buhaoyong.GostX;
				PRODUCT_NAME = "$(TARGET_NAME)";
				SWIFT_EMIT_LOC_STRINGS = YES;
				SWIFT_INCLUDE_PATHS = "$(SRCROOT)/go/";
				SWIFT_VERSION = 5.0;
			};
			name = Release;
		};
		B532A68F285B528D00159BAC /* Debug */ = {
			isa = XCBuildConfiguration;
			buildSettings = {
				ALWAYS_EMBED_SWIFT_STANDARD_LIBRARIES = YES;
				BUNDLE_LOADER = "$(TEST_HOST)";
				"CODE_SIGN_IDENTITY[sdk=macosx*]" = "-";
				CODE_SIGN_STYLE = Automatic;
				CURRENT_PROJECT_VERSION = 1;
				DEVELOPMENT_TEAM = "";
				GENERATE_INFOPLIST_FILE = YES;
				MACOSX_DEPLOYMENT_TARGET = 12.3;
				MARKETING_VERSION = 1.0;
				PRODUCT_BUNDLE_IDENTIFIER = com.buhaoyong.GostXTests;
				PRODUCT_NAME = "$(TARGET_NAME)";
				SWIFT_EMIT_LOC_STRINGS = NO;
				SWIFT_VERSION = 5.0;
				TEST_HOST = "$(BUILT_PRODUCTS_DIR)/GostX.app/Contents/MacOS/GostX";
			};
			name = Debug;
		};
		B532A690285B528D00159BAC /* Release */ = {
			isa = XCBuildConfiguration;
			buildSettings = {
				ALWAYS_EMBED_SWIFT_STANDARD_LIBRARIES = YES;
				BUNDLE_LOADER = "$(TEST_HOST)";
				CODE_SIGN_STYLE = Automatic;
				CURRENT_PROJECT_VERSION = 1;
				DEVELOPMENT_TEAM = "";
				GENERATE_INFOPLIST_FILE = YES;
				MACOSX_DEPLOYMENT_TARGET = 12.3;
				MARKETING_VERSION = 1.0;
				PRODUCT_BUNDLE_IDENTIFIER = com.buhaoyong.GostXTests;
				PRODUCT_NAME = "$(TARGET_NAME)";
				SWIFT_EMIT_LOC_STRINGS = NO;
				SWIFT_VERSION = 5.0;
				TEST_HOST = "$(BUILT_PRODUCTS_DIR)/GostX.app/Contents/MacOS/GostX";
			};
			name = Release;
		};
		B532A692285B528D00159BAC /* Debug */ = {
			isa = XCBuildConfiguration;
			buildSettings = {
				ALWAYS_EMBED_SWIFT_STANDARD_LIBRARIES = YES;
				CODE_SIGN_STYLE = Automatic;
				CURRENT_PROJECT_VERSION = 1;
				DEVELOPMENT_TEAM = "";
				GENERATE_INFOPLIST_FILE = YES;
				MARKETING_VERSION = 1.0;
				PRODUCT_BUNDLE_IDENTIFIER = com.buhaoyong.GostXUITests;
				PRODUCT_NAME = "$(TARGET_NAME)";
				SWIFT_EMIT_LOC_STRINGS = NO;
				SWIFT_VERSION = 5.0;
				TEST_TARGET_NAME = GostX;
			};
			name = Debug;
		};
		B532A693285B528D00159BAC /* Release */ = {
			isa = XCBuildConfiguration;
			buildSettings = {
				ALWAYS_EMBED_SWIFT_STANDARD_LIBRARIES = YES;
				CODE_SIGN_STYLE = Automatic;
				CURRENT_PROJECT_VERSION = 1;
				DEVELOPMENT_TEAM = "";
				GENERATE_INFOPLIST_FILE = YES;
				MARKETING_VERSION = 1.0;
				PRODUCT_BUNDLE_IDENTIFIER = com.buhaoyong.GostXUITests;
				PRODUCT_NAME = "$(TARGET_NAME)";
				SWIFT_EMIT_LOC_STRINGS = NO;
				SWIFT_VERSION = 5.0;
				TEST_TARGET_NAME = GostX;
			};
			name = Release;
		};
/* End XCBuildConfiguration section */

/* Begin XCConfigurationList section */
		B532A661285B528900159BAC /* Build configuration list for PBXProject "GostX" */ = {
			isa = XCConfigurationList;
			buildConfigurations = (
				B532A689285B528D00159BAC /* Debug */,
				B532A68A285B528D00159BAC /* Release */,
			);
			defaultConfigurationIsVisible = 0;
			defaultConfigurationName = Release;
		};
		B532A68B285B528D00159BAC /* Build configuration list for PBXNativeTarget "GostX" */ = {
			isa = XCConfigurationList;
			buildConfigurations = (
				B532A68C285B528D00159BAC /* Debug */,
				B532A68D285B528D00159BAC /* Release */,
			);
			defaultConfigurationIsVisible = 0;
			defaultConfigurationName = Release;
		};
		B532A68E285B528D00159BAC /* Build configuration list for PBXNativeTarget "GostXTests" */ = {
			isa = XCConfigurationList;
			buildConfigurations = (
				B532A68F285B528D00159BAC /* Debug */,
				B532A690285B528D00159BAC /* Release */,
			);
			defaultConfigurationIsVisible = 0;
			defaultConfigurationName = Release;
		};
		B532A691285B528D00159BAC /* Build configuration list for PBXNativeTarget "GostXUITests" */ = {
			isa = XCConfigurationList;
			buildConfigurations = (
				B532A692285B528D00159BAC /* Debug */,
				B532A693285B528D00159BAC /* Release */,
			);
			defaultConfigurationIsVisible = 0;
			defaultConfigurationName = Release;
		};
/* End XCConfigurationList section */
	};
	rootObject = B532A65E285B528900159BAC /* Project object */;
}
