github.com/go-gost/core v0.4.0 h1:jLuIMO7ZMJX/BDCYLrYXAmIykT+HkqEuzaTeLMdrY1c=
github.com/go-gost/core v0.4.0/go.mod h1:WGI43jOka7FAsSAwi/fSMaqxdR+E339ycb4NBGlFr6A=
github.com/go-gost/x v0.4.2 h1:1634TW6uf3Oqf0p7qHWrix7lME1GzXk4r5zzNUkp9kM=
github.com/go-gost/x v0.4.2/go.mod h1:qXXMvk4QXeuA3qfUM334LwM7/IBn5LkdmFrg5VBQ43c=
github.com/xjasonlyu/tun2socks/v2 v2.5.2 h1:rbfaTSLzqMezs4Qya/EL777/uMhtyE57SIV7sa1m/Pc=
github.com/xjasonlyu/tun2socks/v2 v2.5.2/go.mod h1:BzpNKVpWyi+yC8Cuo4bFVGtjtEX38IRhnc+A9CH9sZA=
gopkg.in/check.v1 v0.0.0-20161208181325-20d25e280405/go.mod h1:Co6ibVJAznAaIkqp8huTwlJQCZ016jof/cbN4VW5Yz0=
gopkg.in/yaml.v3 v3.0.1 h1:fxVm/GzAzEWqLHuvctI91KS9hhNmmWOoWu0XTYJS7CA=
gopkg.in/yaml.v3 v3.0.1/go.mod h1:K4uyk7z7BCEPqu6E+C64Yfv1cQ7kz7rIZviUmN+EgEM=
